
Microsoft Visual Studio Solution File, Format Version 12.00
# Visual Studio Version 17
VisualStudioVersion = 17.6.33815.320
MinimumVisualStudioVersion = 10.0.40219.1
Project("{FAE04EC0-301F-11D3-BF4B-00C04F79EFBC}") = "AzureADClientSideAuthentication", "AzureADClientSideAuthentication.csproj", "{611E09C1-8A01-4BE4-A85A-0AEA53BFEA3F}"
EndProject
Global
	GlobalSection(SolutionConfigurationPlatforms) = preSolution
		Debug|Any CPU = Debug|Any CPU
		Release|Any CPU = Release|Any CPU
	EndGlobalSection
	GlobalSection(ProjectConfigurationPlatforms) = postSolution
		{611E09C1-8A01-4BE4-A85A-0AEA53BFEA3F}.Debug|Any CPU.ActiveCfg = Debug|Any CPU
		{611E09C1-8A01-4BE4-A85A-0AEA53BFEA3F}.Debug|Any CPU.Build.0 = Debug|Any CPU
		{611E09C1-8A01-4BE4-A85A-0AEA53BFEA3F}.Release|Any CPU.ActiveCfg = Release|Any CPU
		{611E09C1-8A01-4BE4-A85A-0AEA53BFEA3F}.Release|Any CPU.Build.0 = Release|Any CPU
	EndGlobalSection
	GlobalSection(SolutionProperties) = preSolution
		HideSolutionNode = FALSE
	EndGlobalSection
	GlobalSection(ExtensibilityGlobals) = postSolution
		SolutionGuid = {F52536C3-356A-4AE6-A39B-BBEDBF5ABE04}
	EndGlobalSection
EndGlobal
